
Microsoft Visual Studio Solution File, Format Version 12.00
# Visual Studio Version 17
VisualStudioVersion = 17.8.34525.116
MinimumVisualStudioVersion = 10.0.40219.1
Project("{9A19103F-16F7-4668-BE54-9A1E7A4F7556}") = "KodlamaIO", "KodlamaIO\KodlamaIO.csproj", "{8CEE7DBE-5925-4DBE-9957-0ADF015B5C59}"
EndProject
Project("{9A19103F-16F7-4668-BE54-9A1E7A4F7556}") = "Entities", "Entities\Entities.csproj", "{188D8F6D-ABE2-4EE8-A704-0C40CAEEB42E}"
EndProject
Project("{9A19103F-16F7-4668-BE54-9A1E7A4F7556}") = "DataAccessLayer", "DataAccess\DataAccessLayer.csproj", "{41FBBEA4-18BC-4B51-9C7D-516AA093FE8D}"
EndProject
Project("{FAE04EC0-301F-11D3-BF4B-00C04F79EFBC}") = "Business", "Business\Business.csproj", "{B9246E02-6CE9-4FC3-AF63-172285F726BE}"
EndProject
Global
	GlobalSection(SolutionConfigurationPlatforms) = preSolution
		Debug|Any CPU = Debug|Any CPU
		Release|Any CPU = Release|Any CPU
	EndGlobalSection
	GlobalSection(ProjectConfigurationPlatforms) = postSolution
		{8CEE7DBE-5925-4DBE-9957-0ADF015B5C59}.Debug|Any CPU.ActiveCfg = Debug|Any CPU
		{8CEE7DBE-5925-4DBE-9957-0ADF015B5C59}.Debug|Any CPU.Build.0 = Debug|Any CPU
		{8CEE7DBE-5925-4DBE-9957-0ADF015B5C59}.Release|Any CPU.ActiveCfg = Release|Any CPU
		{8CEE7DBE-5925-4DBE-9957-0ADF015B5C59}.Release|Any CPU.Build.0 = Release|Any CPU
		{188D8F6D-ABE2-4EE8-A704-0C40CAEEB42E}.Debug|Any CPU.ActiveCfg = Debug|Any CPU
		{188D8F6D-ABE2-4EE8-A704-0C40CAEEB42E}.Debug|Any CPU.Build.0 = Debug|Any CPU
		{188D8F6D-ABE2-4EE8-A704-0C40CAEEB42E}.Release|Any CPU.ActiveCfg = Release|Any CPU
		{188D8F6D-ABE2-4EE8-A704-0C40CAEEB42E}.Release|Any CPU.Build.0 = Release|Any CPU
		{41FBBEA4-18BC-4B51-9C7D-516AA093FE8D}.Debug|Any CPU.ActiveCfg = Debug|Any CPU
		{41FBBEA4-18BC-4B51-9C7D-516AA093FE8D}.Debug|Any CPU.Build.0 = Debug|Any CPU
		{41FBBEA4-18BC-4B51-9C7D-516AA093FE8D}.Release|Any CPU.ActiveCfg = Release|Any CPU
		{41FBBEA4-18BC-4B51-9C7D-516AA093FE8D}.Release|Any CPU.Build.0 = Release|Any CPU
		{B9246E02-6CE9-4FC3-AF63-172285F726BE}.Debug|Any CPU.ActiveCfg = Debug|Any CPU
		{B9246E02-6CE9-4FC3-AF63-172285F726BE}.Debug|Any CPU.Build.0 = Debug|Any CPU
		{B9246E02-6CE9-4FC3-AF63-172285F726BE}.Release|Any CPU.ActiveCfg = Release|Any CPU
		{B9246E02-6CE9-4FC3-AF63-172285F726BE}.Release|Any CPU.Build.0 = Release|Any CPU
	EndGlobalSection
	GlobalSection(SolutionProperties) = preSolution
		HideSolutionNode = FALSE
	EndGlobalSection
	GlobalSection(ExtensibilityGlobals) = postSolution
		SolutionGuid = {8469AD05-F22C-450D-A27E-F29384930186}
	EndGlobalSection
EndGlobal
